
Microsoft Visual Studio Solution File, Format Version 12.00
# Visual Studio 15
VisualStudioVersion = 15.0.26730.16
MinimumVisualStudioVersion = 10.0.40219.1
Project("{FAE04EC0-301F-11D3-BF4B-00C04F79EFBC}") = "TriviaGame", "TriviaGame\TriviaGame.csproj", "{4F8C20C1-92D3-46E2-85FE-7CE130E76E70}"
EndProject
Global
	GlobalSection(SolutionConfigurationPlatforms) = preSolution
		Debug|Any CPU = Debug|Any CPU
		Release|Any CPU = Release|Any CPU
	EndGlobalSection
	GlobalSection(ProjectConfigurationPlatforms) = postSolution
		{4F8C20C1-92D3-46E2-85FE-7CE130E76E70}.Debug|Any CPU.ActiveCfg = Debug|Any CPU
		{4F8C20C1-92D3-46E2-85FE-7CE130E76E70}.Debug|Any CPU.Build.0 = Debug|Any CPU
		{4F8C20C1-92D3-46E2-85FE-7CE130E76E70}.Release|Any CPU.ActiveCfg = Release|Any CPU
		{4F8C20C1-92D3-46E2-85FE-7CE130E76E70}.Release|Any CPU.Build.0 = Release|Any CPU
	EndGlobalSection
	GlobalSection(SolutionProperties) = preSolution
		HideSolutionNode = FALSE
	EndGlobalSection
	GlobalSection(ExtensibilityGlobals) = postSolution
		SolutionGuid = {A7FC9954-C377-4A40-9B2E-9C692CE26E3D}
	EndGlobalSection
EndGlobal
